
Microsoft Visual Studio Solution File, Format Version 12.00
# Visual Studio 15
VisualStudioVersion = 15.0.28307.329
MinimumVisualStudioVersion = 10.0.40219.1
Project("{FAE04EC0-301F-11D3-BF4B-00C04F79EFBC}") = "FeatureSelection", "FeatureSelection\FeatureSelection.csproj", "{4C7E10E4-1D35-4C6F-91BD-E1470970E8E1}"
EndProject
Global
	GlobalSection(SolutionConfigurationPlatforms) = preSolution
		Debug|Any CPU = Debug|Any CPU
		Release|Any CPU = Release|Any CPU
	EndGlobalSection
	GlobalSection(ProjectConfigurationPlatforms) = postSolution
		{4C7E10E4-1D35-4C6F-91BD-E1470970E8E1}.Debug|Any CPU.ActiveCfg = Debug|Any CPU
		{4C7E10E4-1D35-4C6F-91BD-E1470970E8E1}.Debug|Any CPU.Build.0 = Debug|Any CPU
		{4C7E10E4-1D35-4C6F-91BD-E1470970E8E1}.Release|Any CPU.ActiveCfg = Release|Any CPU
		{4C7E10E4-1D35-4C6F-91BD-E1470970E8E1}.Release|Any CPU.Build.0 = Release|Any CPU
	EndGlobalSection
	GlobalSection(SolutionProperties) = preSolution
		HideSolutionNode = FALSE
	EndGlobalSection
	GlobalSection(ExtensibilityGlobals) = postSolution
		SolutionGuid = {D5CC7DF0-ECB4-41E4-A692-8BC4CDB38FC9}
	EndGlobalSection
EndGlobal
